{
  "name": "FhirDashboardJS",
  "version": "0.0.1",
  "lockfileVersion": 1,
  "requires": true,
  "dependencies": {
    "jquery-powerbi": {
      "version": "1.0.0-beta.4",
      "resolved": "https://registry.npmjs.org/jquery-powerbi/-/jquery-powerbi-1.0.0-beta.4.tgz",
      "integrity": "sha1-HFSeNW8owoD7dlWvGQ0AQMmAUN0=",
      "requires": {
        "jquery": "^2.2.2",
        "powerbi-client": "2.0.0-beta.5"
      },
      "dependencies": {
        "jquery": {
          "version": "2.2.4",
          "resolved": "https://registry.npmjs.org/jquery/-/jquery-2.2.4.tgz",
          "integrity": "sha1-LInWiJterFIqfuoywUUhVZxsvwI="
        },
        "powerbi-client": {
          "version": "2.0.0-beta.5",
          "resolved": "https://registry.npmjs.org/powerbi-client/-/powerbi-client-2.0.0-beta.5.tgz",
          "integrity": "sha1-qf++Mp4U7w32sLulwq4rUR3CDw8="
        }
      }
    }
  }
}
